{
  "name": "julmanbot-site",
  "version": "0.0.1",
  "lockfileVersion": 1,
  "requires": true,
  "dependencies": {
    "@types/jquery": {
      "version": "3.5.3",
      "resolved": "https://registry.npmjs.org/@types/jquery/-/jquery-3.5.3.tgz",
      "integrity": "sha512-IENpHTjGksr2wQS6ZO8eMIE0tIB22Ywg+n3/yAWCa56VSZ26phcwAbFdh9+VNUWk7e83qB27QLax3Rf4G92Y9A==",
      "requires": {
        "@types/sizzle": "*"
      }
    },
    "@types/sizzle": {
      "version": "2.3.2",
      "resolved": "https://registry.npmjs.org/@types/sizzle/-/sizzle-2.3.2.tgz",
      "integrity": "sha512-7EJYyKTL7tFR8+gDbB6Wwz/arpGa0Mywk1TJbNzKzHtzbwVmY4HR9WqS5VV7dsBUKQmPNr192jHr/VpBluj/hg=="
    },
    "@webcomponents/webcomponentsjs": {
      "version": "2.4.4",
      "resolved": "https://registry.npmjs.org/@webcomponents/webcomponentsjs/-/webcomponentsjs-2.4.4.tgz",
      "integrity": "sha512-UWXZYbaDLLfhm+xONXTiDciyhOSwKRrZieGQHFMSMGSxY4mbjZ5uYzOKgnuX0luYFvjJw32G3r0sCwQZPJIR4Q=="
    },
    "fs": {
      "version": "0.0.1-security",
      "resolved": "https://registry.npmjs.org/fs/-/fs-0.0.1-security.tgz",
      "integrity": "sha1-invTcYa23d84E/I4WLV+yq9eQdQ="
    }
  }
}
